
Microsoft Visual Studio Solution File, Format Version 12.00
# Visual Studio 15
VisualStudioVersion = 15.0.27130.2027
MinimumVisualStudioVersion = 10.0.40219.1
Project("{8BC9CEB8-8B4A-11D0-8D11-00A0C91BC942}") = "Bomberman", "Bomberman\Bomberman.vcxproj", "{B73ABE37-7D5B-45C5-B405-A7690143D649}"
EndProject
Global
	GlobalSection(SolutionConfigurationPlatforms) = preSolution
		Debug|x64 = Debug|x64
		Debug|x86 = Debug|x86
		Release|x64 = Release|x64
		Release|x86 = Release|x86
	EndGlobalSection
	GlobalSection(ProjectConfigurationPlatforms) = postSolution
		{B73ABE37-7D5B-45C5-B405-A7690143D649}.Debug|x64.ActiveCfg = Debug|x64
		{B73ABE37-7D5B-45C5-B405-A7690143D649}.Debug|x64.Build.0 = Debug|x64
		{B73ABE37-7D5B-45C5-B405-A7690143D649}.Debug|x86.ActiveCfg = Debug|Win32
		{B73ABE37-7D5B-45C5-B405-A7690143D649}.Debug|x86.Build.0 = Debug|Win32
		{B73ABE37-7D5B-45C5-B405-A7690143D649}.Release|x64.ActiveCfg = Release|x64
		{B73ABE37-7D5B-45C5-B405-A7690143D649}.Release|x64.Build.0 = Release|x64
		{B73ABE37-7D5B-45C5-B405-A7690143D649}.Release|x86.ActiveCfg = Release|Win32
		{B73ABE37-7D5B-45C5-B405-A7690143D649}.Release|x86.Build.0 = Release|Win32
	EndGlobalSection
	GlobalSection(SolutionProperties) = preSolution
		HideSolutionNode = FALSE
	EndGlobalSection
	GlobalSection(ExtensibilityGlobals) = postSolution
		SolutionGuid = {4FB76CE9-25FA-44B0-8EFD-CC886018AE8D}
	EndGlobalSection
EndGlobal
